// !$*UTF8*$!
{
	archiveVersion = 1;
	classes = {
	};
	objectVersion = 50;
	objects = {

/* Begin PBXBuildFile section */
		E9DCC04025B6B00D005FF57E /* AppDelegate.swift in Sources */ = {isa = PBXBuildFile; fileRef = E9DCC03F25B6B00D005FF57E /* AppDelegate.swift */; };
		E9DCC04225B6B00D005FF57E /* SceneDelegate.swift in Sources */ = {isa = PBXBuildFile; fileRef = E9DCC04125B6B00D005FF57E /* SceneDelegate.swift */; };
		E9DCC04425B6B00D005FF57E /* ViewController.swift in Sources */ = {isa = PBXBuildFile; fileRef = E9DCC04325B6B00D005FF57E /* ViewController.swift */; };
		E9DCC04725B6B00D005FF57E /* Main.storyboard in Resources */ = {isa = PBXBuildFile; fileRef = E9DCC04525B6B00D005FF57E /* Main.storyboard */; };
		E9DCC04925B6B00E005FF57E /* Assets.xcassets in Resources */ = {isa = PBXBuildFile; fileRef = E9DCC04825B6B00E005FF57E /* Assets.xcassets */; };
		E9DCC04C25B6B00E005FF57E /* LaunchScreen.storyboard in Resources */ = {isa = PBXBuildFile; fileRef = E9DCC04A25B6B00E005FF57E /* LaunchScreen.storyboard */; };
		E9DCC05725B6B00E005FF57E /* FoodTrackerTests.swift in Sources */ = {isa = PBXBuildFile; fileRef = E9DCC05625B6B00E005FF57E /* FoodTrackerTests.swift */; };
		E9DCC06225B6B00E005FF57E /* FoodTrackerUITests.swift in Sources */ = {isa = PBXBuildFile; fileRef = E9DCC06125B6B00E005FF57E /* FoodTrackerUITests.swift */; };
/* End PBXBuildFile section */

/* Begin PBXContainerItemProxy section */
		E9DCC05325B6B00E005FF57E /* PBXContainerItemProxy */ = {
			isa = PBXContainerItemProxy;
			containerPortal = E9DCC03425B6B00D005FF57E /* Project object */;
			proxyType = 1;
			remoteGlobalIDString = E9DCC03B25B6B00D005FF57E;
			remoteInfo = FoodTracker;
		};
		E9DCC05E25B6B00E005FF57E /* PBXContainerItemProxy */ = {
			isa = PBXContainerItemProxy;
			containerPortal = E9DCC03425B6B00D005FF57E /* Project object */;
			proxyType = 1;
			remoteGlobalIDString = E9DCC03B25B6B00D005FF57E;
			remoteInfo = FoodTracker;
		};
/* End PBXContainerItemProxy section */

/* Begin PBXFileReference section */
		E9DCC03C25B6B00D005FF57E /* FoodTracker.app */ = {isa = PBXFileReference; explicitFileType = wrapper.application; includeInIndex = 0; path = FoodTracker.app; sourceTree = BUILT_PRODUCTS_DIR; };
		E9DCC03F25B6B00D005FF57E /* AppDelegate.swift */ = {isa = PBXFileReference; lastKnownFileType = sourcecode.swift; path = AppDelegate.swift; sourceTree = "<group>"; };
		E9DCC04125B6B00D005FF57E /* SceneDelegate.swift */ = {isa = PBXFileReference; lastKnownFileType = sourcecode.swift; path = SceneDelegate.swift; sourceTree = "<group>"; };
		E9DCC04325B6B00D005FF57E /* ViewController.swift */ = {isa = PBXFileReference; lastKnownFileType = sourcecode.swift; path = ViewController.swift; sourceTree = "<group>"; };
		E9DCC04625B6B00D005FF57E /* Base */ = {isa = PBXFileReference; lastKnownFileType = file.storyboard; name = Base; path = Base.lproj/Main.storyboard; sourceTree = "<group>"; };
		E9DCC04825B6B00E005FF57E /* Assets.xcassets */ = {isa = PBXFileReference; lastKnownFileType = folder.assetcatalog; path = Assets.xcassets; sourceTree = "<group>"; };
		E9DCC04B25B6B00E005FF57E /* Base */ = {isa = PBXFileReference; lastKnownFileType = file.storyboard; name = Base; path = Base.lproj/LaunchScreen.storyboard; sourceTree = "<group>"; };
		E9DCC04D25B6B00E005FF57E /* Info.plist */ = {isa = PBXFileReference; lastKnownFileType = text.plist.xml; path = Info.plist; sourceTree = "<group>"; };
		E9DCC05225B6B00E005FF57E /* FoodTrackerTests.xctest */ = {isa = PBXFileReference; explicitFileType = wrapper.cfbundle; includeInIndex = 0; path = FoodTrackerTests.xctest; sourceTree = BUILT_PRODUCTS_DIR; };
		E9DCC05625B6B00E005FF57E /* FoodTrackerTests.swift */ = {isa = PBXFileReference; lastKnownFileType = sourcecode.swift; path = FoodTrackerTests.swift; sourceTree = "<group>"; };
		E9DCC05825B6B00E005FF57E /* Info.plist */ = {isa = PBXFileReference; lastKnownFileType = text.plist.xml; path = Info.plist; sourceTree = "<group>"; };
		E9DCC05D25B6B00E005FF57E /* FoodTrackerUITests.xctest */ = {isa = PBXFileReference; explicitFileType = wrapper.cfbundle; includeInIndex = 0; path = FoodTrackerUITests.xctest; sourceTree = BUILT_PRODUCTS_DIR; };
		E9DCC06125B6B00E005FF57E /* FoodTrackerUITests.swift */ = {isa = PBXFileReference; lastKnownFileType = sourcecode.swift; path = FoodTrackerUITests.swift; sourceTree = "<group>"; };
		E9DCC06325B6B00E005FF57E /* Info.plist */ = {isa = PBXFileReference; lastKnownFileType = text.plist.xml; path = Info.plist; sourceTree = "<group>"; };
/* End PBXFileReference section */

/* Begin PBXFrameworksBuildPhase section */
		E9DCC03925B6B00D005FF57E /* Frameworks */ = {
			isa = PBXFrameworksBuildPhase;
			buildActionMask = 2147483647;
			files = (
			);
			runOnlyForDeploymentPostprocessing = 0;
		};
		E9DCC04F25B6B00E005FF57E /* Frameworks */ = {
			isa = PBXFrameworksBuildPhase;
			buildActionMask = 2147483647;
			files = (
			);
			runOnlyForDeploymentPostprocessing = 0;
		};
		E9DCC05A25B6B00E005FF57E /* Frameworks */ = {
			isa = PBXFrameworksBuildPhase;
			buildActionMask = 2147483647;
			files = (
			);
			runOnlyForDeploymentPostprocessing = 0;
		};
/* End PBXFrameworksBuildPhase section */

/* Begin PBXGroup section */
		E9DCC03325B6B00D005FF57E = {
			isa = PBXGroup;
			children = (
				E9DCC03E25B6B00D005FF57E /* FoodTracker */,
				E9DCC05525B6B00E005FF57E /* FoodTrackerTests */,
				E9DCC06025B6B00E005FF57E /* FoodTrackerUITests */,
				E9DCC03D25B6B00D005FF57E /* Products */,
			);
			sourceTree = "<group>";
		};
		E9DCC03D25B6B00D005FF57E /* Products */ = {
			isa = PBXGroup;
			children = (
				E9DCC03C25B6B00D005FF57E /* FoodTracker.app */,
				E9DCC05225B6B00E005FF57E /* FoodTrackerTests.xctest */,
				E9DCC05D25B6B00E005FF57E /* FoodTrackerUITests.xctest */,
			);
			name = Products;
			sourceTree = "<group>";
		};
		E9DCC03E25B6B00D005FF57E /* FoodTracker */ = {
			isa = PBXGroup;
			children = (
				E9DCC03F25B6B00D005FF57E /* AppDelegate.swift */,
				E9DCC04125B6B00D005FF57E /* SceneDelegate.swift */,
				E9DCC04325B6B00D005FF57E /* ViewController.swift */,
				E9DCC04525B6B00D005FF57E /* Main.storyboard */,
				E9DCC04825B6B00E005FF57E /* Assets.xcassets */,
				E9DCC04A25B6B00E005FF57E /* LaunchScreen.storyboard */,
				E9DCC04D25B6B00E005FF57E /* Info.plist */,
			);
			path = FoodTracker;
			sourceTree = "<group>";
		};
		E9DCC05525B6B00E005FF57E /* FoodTrackerTests */ = {
			isa = PBXGroup;
			children = (
				E9DCC05625B6B00E005FF57E /* FoodTrackerTests.swift */,
				E9DCC05825B6B00E005FF57E /* Info.plist */,
			);
			path = FoodTrackerTests;
			sourceTree = "<group>";
		};
		E9DCC06025B6B00E005FF57E /* FoodTrackerUITests */ = {
			isa = PBXGroup;
			children = (
				E9DCC06125B6B00E005FF57E /* FoodTrackerUITests.swift */,
				E9DCC06325B6B00E005FF57E /* Info.plist */,
			);
			path = FoodTrackerUITests;
			sourceTree = "<group>";
		};
/* End PBXGroup section */

/* Begin PBXNativeTarget section */
		E9DCC03B25B6B00D005FF57E /* FoodTracker */ = {
			isa = PBXNativeTarget;
			buildConfigurationList = E9DCC06625B6B00E005FF57E /* Build configuration list for PBXNativeTarget "FoodTracker" */;
			buildPhases = (
				E9DCC03825B6B00D005FF57E /* Sources */,
				E9DCC03925B6B00D005FF57E /* Frameworks */,
				E9DCC03A25B6B00D005FF57E /* Resources */,
			);
			buildRules = (
			);
			dependencies = (
			);
			name = FoodTracker;
			productName = FoodTracker;
			productReference = E9DCC03C25B6B00D005FF57E /* FoodTracker.app */;
			productType = "com.apple.product-type.application";
		};
		E9DCC05125B6B00E005FF57E /* FoodTrackerTests */ = {
			isa = PBXNativeTarget;
			buildConfigurationList = E9DCC06925B6B00E005FF57E /* Build configuration list for PBXNativeTarget "FoodTrackerTests" */;
			buildPhases = (
				E9DCC04E25B6B00E005FF57E /* Sources */,
				E9DCC04F25B6B00E005FF57E /* Frameworks */,
				E9DCC05025B6B00E005FF57E /* Resources */,
			);
			buildRules = (
			);
			dependencies = (
				E9DCC05425B6B00E005FF57E /* PBXTargetDependency */,
			);
			name = FoodTrackerTests;
			productName = FoodTrackerTests;
			productReference = E9DCC05225B6B00E005FF57E /* FoodTrackerTests.xctest */;
			productType = "com.apple.product-type.bundle.unit-test";
		};
		E9DCC05C25B6B00E005FF57E /* FoodTrackerUITests */ = {
			isa = PBXNativeTarget;
			buildConfigurationList = E9DCC06C25B6B00E005FF57E /* Build configuration list for PBXNativeTarget "FoodTrackerUITests" */;
			buildPhases = (
				E9DCC05925B6B00E005FF57E /* Sources */,
				E9DCC05A25B6B00E005FF57E /* Frameworks */,
				E9DCC05B25B6B00E005FF57E /* Resources */,
			);
			buildRules = (
			);
			dependencies = (
				E9DCC05F25B6B00E005FF57E /* PBXTargetDependency */,
			);
			name = FoodTrackerUITests;
			productName = FoodTrackerUITests;
			productReference = E9DCC05D25B6B00E005FF57E /* FoodTrackerUITests.xctest */;
			productType = "com.apple.product-type.bundle.ui-testing";
		};
/* End PBXNativeTarget section */

/* Begin PBXProject section */
		E9DCC03425B6B00D005FF57E /* Project object */ = {
			isa = PBXProject;
			attributes = {
				LastSwiftUpdateCheck = 1230;
				LastUpgradeCheck = 1230;
				TargetAttributes = {
					E9DCC03B25B6B00D005FF57E = {
						CreatedOnToolsVersion = 12.3;
					};
					E9DCC05125B6B00E005FF57E = {
						CreatedOnToolsVersion = 12.3;
						TestTargetID = E9DCC03B25B6B00D005FF57E;
					};
					E9DCC05C25B6B00E005FF57E = {
						CreatedOnToolsVersion = 12.3;
						TestTargetID = E9DCC03B25B6B00D005FF57E;
					};
				};
			};
			buildConfigurationList = E9DCC03725B6B00D005FF57E /* Build configuration list for PBXProject "FoodTracker" */;
			compatibilityVersion = "Xcode 9.3";
			developmentRegion = en;
			hasScannedForEncodings = 0;
			knownRegions = (
				en,
				Base,
			);
			mainGroup = E9DCC03325B6B00D005FF57E;
			productRefGroup = E9DCC03D25B6B00D005FF57E /* Products */;
			projectDirPath = "";
			projectRoot = "";
			targets = (
				E9DCC03B25B6B00D005FF57E /* FoodTracker */,
				E9DCC05125B6B00E005FF57E /* FoodTrackerTests */,
				E9DCC05C25B6B00E005FF57E /* FoodTrackerUITests */,
			);
		};
/* End PBXProject section */

/* Begin PBXResourcesBuildPhase section */
		E9DCC03A25B6B00D005FF57E /* Resources */ = {
			isa = PBXResourcesBuildPhase;
			buildActionMask = 2147483647;
			files = (
				E9DCC04C25B6B00E005FF57E /* LaunchScreen.storyboard in Resources */,
				E9DCC04925B6B00E005FF57E /* Assets.xcassets in Resources */,
				E9DCC04725B6B00D005FF57E /* Main.storyboard in Resources */,
			);
			runOnlyForDeploymentPostprocessing = 0;
		};
		E9DCC05025B6B00E005FF57E /* Resources */ = {
			isa = PBXResourcesBuildPhase;
			buildActionMask = 2147483647;
			files = (
			);
			runOnlyForDeploymentPostprocessing = 0;
		};
		E9DCC05B25B6B00E005FF57E /* Resources */ = {
			isa = PBXResourcesBuildPhase;
			buildActionMask = 2147483647;
			files = (
			);
			runOnlyForDeploymentPostprocessing = 0;
		};
/* End PBXResourcesBuildPhase section */

/* Begin PBXSourcesBuildPhase section */
		E9DCC03825B6B00D005FF57E /* Sources */ = {
			isa = PBXSourcesBuildPhase;
			buildActionMask = 2147483647;
			files = (
				E9DCC04425B6B00D005FF57E /* ViewController.swift in Sources */,
				E9DCC04025B6B00D005FF57E /* AppDelegate.swift in Sources */,
				E9DCC04225B6B00D005FF57E /* SceneDelegate.swift in Sources */,
			);
			runOnlyForDeploymentPostprocessing = 0;
		};
		E9DCC04E25B6B00E005FF57E /* Sources */ = {
			isa = PBXSourcesBuildPhase;
			buildActionMask = 2147483647;
			files = (
				E9DCC05725B6B00E005FF57E /* FoodTrackerTests.swift in Sources */,
			);
			runOnlyForDeploymentPostprocessing = 0;
		};
		E9DCC05925B6B00E005FF57E /* Sources */ = {
			isa = PBXSourcesBuildPhase;
			buildActionMask = 2147483647;
			files = (
				E9DCC06225B6B00E005FF57E /* FoodTrackerUITests.swift in Sources */,
			);
			runOnlyForDeploymentPostprocessing = 0;
		};
/* End PBXSourcesBuildPhase section */

/* Begin PBXTargetDependency section */
		E9DCC05425B6B00E005FF57E /* PBXTargetDependency */ = {
			isa = PBXTargetDependency;
			target = E9DCC03B25B6B00D005FF57E /* FoodTracker */;
			targetProxy = E9DCC05325B6B00E005FF57E /* PBXContainerItemProxy */;
		};
		E9DCC05F25B6B00E005FF57E /* PBXTargetDependency */ = {
			isa = PBXTargetDependency;
			target = E9DCC03B25B6B00D005FF57E /* FoodTracker */;
			targetProxy = E9DCC05E25B6B00E005FF57E /* PBXContainerItemProxy */;
		};
/* End PBXTargetDependency section */

/* Begin PBXVariantGroup section */
		E9DCC04525B6B00D005FF57E /* Main.storyboard */ = {
			isa = PBXVariantGroup;
			children = (
				E9DCC04625B6B00D005FF57E /* Base */,
			);
			name = Main.storyboard;
			sourceTree = "<group>";
		};
		E9DCC04A25B6B00E005FF57E /* LaunchScreen.storyboard */ = {
			isa = PBXVariantGroup;
			children = (
				E9DCC04B25B6B00E005FF57E /* Base */,
			);
			name = LaunchScreen.storyboard;
			sourceTree = "<group>";
		};
/* End PBXVariantGroup section */

/* Begin XCBuildConfiguration section */
		E9DCC06425B6B00E005FF57E /* Debug */ = {
			isa = XCBuildConfiguration;
			buildSettings = {
				ALWAYS_SEARCH_USER_PATHS = NO;
				CLANG_ANALYZER_NONNULL = YES;
				CLANG_ANALYZER_NUMBER_OBJECT_CONVERSION = YES_AGGRESSIVE;
				CLANG_CXX_LANGUAGE_STANDARD = "gnu++14";
				CLANG_CXX_LIBRARY = "libc++";
				CLANG_ENABLE_MODULES = YES;
				CLANG_ENABLE_OBJC_ARC = YES;
				CLANG_ENABLE_OBJC_WEAK = YES;
				CLANG_WARN_BLOCK_CAPTURE_AUTORELEASING = YES;
				CLANG_WARN_BOOL_CONVERSION = YES;
				CLANG_WARN_COMMA = YES;
				CLANG_WARN_CONSTANT_CONVERSION = YES;
				CLANG_WARN_DEPRECATED_OBJC_IMPLEMENTATIONS = YES;
				CLANG_WARN_DIRECT_OBJC_ISA_USAGE = YES_ERROR;
				CLANG_WARN_DOCUMENTATION_COMMENTS = YES;
				CLANG_WARN_EMPTY_BODY = YES;
				CLANG_WARN_ENUM_CONVERSION = YES;
				CLANG_WARN_INFINITE_RECURSION = YES;
				CLANG_WARN_INT_CONVERSION = YES;
				CLANG_WARN_NON_LITERAL_NULL_CONVERSION = YES;
				CLANG_WARN_OBJC_IMPLICIT_RETAIN_SELF = YES;
				CLANG_WARN_OBJC_LITERAL_CONVERSION = YES;
				CLANG_WARN_OBJC_ROOT_CLASS = YES_ERROR;
				CLANG_WARN_QUOTED_INCLUDE_IN_FRAMEWORK_HEADER = YES;
				CLANG_WARN_RANGE_LOOP_ANALYSIS = YES;
				CLANG_WARN_STRICT_PROTOTYPES = YES;
				CLANG_WARN_SUSPICIOUS_MOVE = YES;
				CLANG_WARN_UNGUARDED_AVAILABILITY = YES_AGGRESSIVE;
				CLANG_WARN_UNREACHABLE_CODE = YES;
				CLANG_WARN__DUPLICATE_METHOD_MATCH = YES;
				COPY_PHASE_STRIP = NO;
				DEBUG_INFORMATION_FORMAT = dwarf;
				ENABLE_STRICT_OBJC_MSGSEND = YES;
				ENABLE_TESTABILITY = YES;
				GCC_C_LANGUAGE_STANDARD = gnu11;
				GCC_DYNAMIC_NO_PIC = NO;
				GCC_NO_COMMON_BLOCKS = YES;
				GCC_OPTIMIZATION_LEVEL = 0;
				GCC_PREPROCESSOR_DEFINITIONS = (
					"DEBUG=1",
					"$(inherited)",
				);
				GCC_WARN_64_TO_32_BIT_CONVERSION = YES;
				GCC_WARN_ABOUT_RETURN_TYPE = YES_ERROR;
				GCC_WARN_UNDECLARED_SELECTOR = YES;
				GCC_WARN_UNINITIALIZED_AUTOS = YES_AGGRESSIVE;
				GCC_WARN_UNUSED_FUNCTION = YES;
				GCC_WARN_UNUSED_VARIABLE = YES;
				IPHONEOS_DEPLOYMENT_TARGET = 14.3;
				MTL_ENABLE_DEBUG_INFO = INCLUDE_SOURCE;
				MTL_FAST_MATH = YES;
				ONLY_ACTIVE_ARCH = YES;
				SDKROOT = iphoneos;
				SWIFT_ACTIVE_COMPILATION_CONDITIONS = DEBUG;
				SWIFT_OPTIMIZATION_LEVEL = "-Onone";
			};
			name = Debug;
		};
		E9DCC06525B6B00E005FF57E /* Release */ = {
			isa = XCBuildConfiguration;
			buildSettings = {
				ALWAYS_SEARCH_USER_PATHS = NO;
				CLANG_ANALYZER_NONNULL = YES;
				CLANG_ANALYZER_NUMBER_OBJECT_CONVERSION = YES_AGGRESSIVE;
				CLANG_CXX_LANGUAGE_STANDARD = "gnu++14";
				CLANG_CXX_LIBRARY = "libc++";
				CLANG_ENABLE_MODULES = YES;
				CLANG_ENABLE_OBJC_ARC = YES;
				CLANG_ENABLE_OBJC_WEAK = YES;
				CLANG_WARN_BLOCK_CAPTURE_AUTORELEASING = YES;
				CLANG_WARN_BOOL_CONVERSION = YES;
				CLANG_WARN_COMMA = YES;
				CLANG_WARN_CONSTANT_CONVERSION = YES;
				CLANG_WARN_DEPRECATED_OBJC_IMPLEMENTATIONS = YES;
				CLANG_WARN_DIRECT_OBJC_ISA_USAGE = YES_ERROR;
				CLANG_WARN_DOCUMENTATION_COMMENTS = YES;
				CLANG_WARN_EMPTY_BODY = YES;
				CLANG_WARN_ENUM_CONVERSION = YES;
				CLANG_WARN_INFINITE_RECURSION = YES;
				CLANG_WARN_INT_CONVERSION = YES;
				CLANG_WARN_NON_LITERAL_NULL_CONVERSION = YES;
				CLANG_WARN_OBJC_IMPLICIT_RETAIN_SELF = YES;
				CLANG_WARN_OBJC_LITERAL_CONVERSION = YES;
				CLANG_WARN_OBJC_ROOT_CLASS = YES_ERROR;
				CLANG_WARN_QUOTED_INCLUDE_IN_FRAMEWORK_HEADER = YES;
				CLANG_WARN_RANGE_LOOP_ANALYSIS = YES;
				CLANG_WARN_STRICT_PROTOTYPES = YES;
				CLANG_WARN_SUSPICIOUS_MOVE = YES;
				CLANG_WARN_UNGUARDED_AVAILABILITY = YES_AGGRESSIVE;
				CLANG_WARN_UNREACHABLE_CODE = YES;
				CLANG_WARN__DUPLICATE_METHOD_MATCH = YES;
				COPY_PHASE_STRIP = NO;
				DEBUG_INFORMATION_FORMAT = "dwarf-with-dsym";
				ENABLE_NS_ASSERTIONS = NO;
				ENABLE_STRICT_OBJC_MSGSEND = YES;
				GCC_C_LANGUAGE_STANDARD = gnu11;
				GCC_NO_COMMON_BLOCKS = YES;
				GCC_WARN_64_TO_32_BIT_CONVERSION = YES;
				GCC_WARN_ABOUT_RETURN_TYPE = YES_ERROR;
				GCC_WARN_UNDECLARED_SELECTOR = YES;
				GCC_WARN_UNINITIALIZED_AUTOS = YES_AGGRESSIVE;
				GCC_WARN_UNUSED_FUNCTION = YES;
				GCC_WARN_UNUSED_VARIABLE = YES;
				IPHONEOS_DEPLOYMENT_TARGET = 14.3;
				MTL_ENABLE_DEBUG_INFO = NO;
				MTL_FAST_MATH = YES;
				SDKROOT = iphoneos;
				SWIFT_COMPILATION_MODE = wholemodule;
				SWIFT_OPTIMIZATION_LEVEL = "-O";
				VALIDATE_PRODUCT = YES;
			};
			name = Release;
		};
		E9DCC06725B6B00E005FF57E /* Debug */ = {
			isa = XCBuildConfiguration;
			buildSettings = {
				ASSETCATALOG_COMPILER_APPICON_NAME = AppIcon;
				ASSETCATALOG_COMPILER_GLOBAL_ACCENT_COLOR_NAME = AccentColor;
				CODE_SIGN_STYLE = Automatic;
				DEVELOPMENT_TEAM = F666X573LH;
				INFOPLIST_FILE = FoodTracker/Info.plist;
				IPHONEOS_DEPLOYMENT_TARGET = 13.6;
				LD_RUNPATH_SEARCH_PATHS = (
					"$(inherited)",
					"@executable_path/Frameworks",
				);
				PRODUCT_BUNDLE_IDENTIFIER = com.xtring.FoodTracker;
				PRODUCT_NAME = "$(TARGET_NAME)";
				SWIFT_VERSION = 5.0;
				TARGETED_DEVICE_FAMILY = "1,2";
			};
			name = Debug;
		};
		E9DCC06825B6B00E005FF57E /* Release */ = {
			isa = XCBuildConfiguration;
			buildSettings = {
				ASSETCATALOG_COMPILER_APPICON_NAME = AppIcon;
				ASSETCATALOG_COMPILER_GLOBAL_ACCENT_COLOR_NAME = AccentColor;
				CODE_SIGN_STYLE = Automatic;
				DEVELOPMENT_TEAM = F666X573LH;
				INFOPLIST_FILE = FoodTracker/Info.plist;
				IPHONEOS_DEPLOYMENT_TARGET = 13.6;
				LD_RUNPATH_SEARCH_PATHS = (
					"$(inherited)",
					"@executable_path/Frameworks",
				);
				PRODUCT_BUNDLE_IDENTIFIER = com.xtring.FoodTracker;
				PRODUCT_NAME = "$(TARGET_NAME)";
				SWIFT_VERSION = 5.0;
				TARGETED_DEVICE_FAMILY = "1,2";
			};
			name = Release;
		};
		E9DCC06A25B6B00E005FF57E /* Debug */ = {
			isa = XCBuildConfiguration;
			buildSettings = {
				ALWAYS_EMBED_SWIFT_STANDARD_LIBRARIES = YES;
				BUNDLE_LOADER = "$(TEST_HOST)";
				CODE_SIGN_STYLE = Automatic;
				DEVELOPMENT_TEAM = F666X573LH;
				INFOPLIST_FILE = FoodTrackerTests/Info.plist;
				IPHONEOS_DEPLOYMENT_TARGET = 14.3;
				LD_RUNPATH_SEARCH_PATHS = (
					"$(inherited)",
					"@executable_path/Frameworks",
					"@loader_path/Frameworks",
				);
				PRODUCT_BUNDLE_IDENTIFIER = com.xtring.FoodTrackerTests;
				PRODUCT_NAME = "$(TARGET_NAME)";
				SWIFT_VERSION = 5.0;
				TARGETED_DEVICE_FAMILY = "1,2";
				TEST_HOST = "$(BUILT_PRODUCTS_DIR)/FoodTracker.app/FoodTracker";
			};
			name = Debug;
		};
		E9DCC06B25B6B00E005FF57E /* Release */ = {
			isa = XCBuildConfiguration;
			buildSettings = {
				ALWAYS_EMBED_SWIFT_STANDARD_LIBRARIES = YES;
				BUNDLE_LOADER = "$(TEST_HOST)";
				CODE_SIGN_STYLE = Automatic;
				DEVELOPMENT_TEAM = F666X573LH;
				INFOPLIST_FILE = FoodTrackerTests/Info.plist;
				IPHONEOS_DEPLOYMENT_TARGET = 14.3;
				LD_RUNPATH_SEARCH_PATHS = (
					"$(inherited)",
					"@executable_path/Frameworks",
					"@loader_path/Frameworks",
				);
				PRODUCT_BUNDLE_IDENTIFIER = com.xtring.FoodTrackerTests;
				PRODUCT_NAME = "$(TARGET_NAME)";
				SWIFT_VERSION = 5.0;
				TARGETED_DEVICE_FAMILY = "1,2";
				TEST_HOST = "$(BUILT_PRODUCTS_DIR)/FoodTracker.app/FoodTracker";
			};
			name = Release;
		};
		E9DCC06D25B6B00E005FF57E /* Debug */ = {
			isa = XCBuildConfiguration;
			buildSettings = {
				ALWAYS_EMBED_SWIFT_STANDARD_LIBRARIES = YES;
				CODE_SIGN_STYLE = Automatic;
				DEVELOPMENT_TEAM = F666X573LH;
				INFOPLIST_FILE = FoodTrackerUITests/Info.plist;
				LD_RUNPATH_SEARCH_PATHS = (
					"$(inherited)",
					"@executable_path/Frameworks",
					"@loader_path/Frameworks",
				);
				PRODUCT_BUNDLE_IDENTIFIER = com.xtring.FoodTrackerUITests;
				PRODUCT_NAME = "$(TARGET_NAME)";
				SWIFT_VERSION = 5.0;
				TARGETED_DEVICE_FAMILY = "1,2";
				TEST_TARGET_NAME = FoodTracker;
			};
			name = Debug;
		};
		E9DCC06E25B6B00E005FF57E /* Release */ = {
			isa = XCBuildConfiguration;
			buildSettings = {
				ALWAYS_EMBED_SWIFT_STANDARD_LIBRARIES = YES;
				CODE_SIGN_STYLE = Automatic;
				DEVELOPMENT_TEAM = F666X573LH;
				INFOPLIST_FILE = FoodTrackerUITests/Info.plist;
				LD_RUNPATH_SEARCH_PATHS = (
					"$(inherited)",
					"@executable_path/Frameworks",
					"@loader_path/Frameworks",
				);
				PRODUCT_BUNDLE_IDENTIFIER = com.xtring.FoodTrackerUITests;
				PRODUCT_NAME = "$(TARGET_NAME)";
				SWIFT_VERSION = 5.0;
				TARGETED_DEVICE_FAMILY = "1,2";
				TEST_TARGET_NAME = FoodTracker;
			};
			name = Release;
		};
/* End XCBuildConfiguration section */

/* Begin XCConfigurationList section */
		E9DCC03725B6B00D005FF57E /* Build configuration list for PBXProject "FoodTracker" */ = {
			isa = XCConfigurationList;
			buildConfigurations = (
				E9DCC06425B6B00E005FF57E /* Debug */,
				E9DCC06525B6B00E005FF57E /* Release */,
			);
			defaultConfigurationIsVisible = 0;
			defaultConfigurationName = Release;
		};
		E9DCC06625B6B00E005FF57E /* Build configuration list for PBXNativeTarget "FoodTracker" */ = {
			isa = XCConfigurationList;
			buildConfigurations = (
				E9DCC06725B6B00E005FF57E /* Debug */,
				E9DCC06825B6B00E005FF57E /* Release */,
			);
			defaultConfigurationIsVisible = 0;
			defaultConfigurationName = Release;
		};
		E9DCC06925B6B00E005FF57E /* Build configuration list for PBXNativeTarget "FoodTrackerTests" */ = {
			isa = XCConfigurationList;
			buildConfigurations = (
				E9DCC06A25B6B00E005FF57E /* Debug */,
				E9DCC06B25B6B00E005FF57E /* Release */,
			);
			defaultConfigurationIsVisible = 0;
			defaultConfigurationName = Release;
		};
		E9DCC06C25B6B00E005FF57E /* Build configuration list for PBXNativeTarget "FoodTrackerUITests" */ = {
			isa = XCConfigurationList;
			buildConfigurations = (
				E9DCC06D25B6B00E005FF57E /* Debug */,
				E9DCC06E25B6B00E005FF57E /* Release */,
			);
			defaultConfigurationIsVisible = 0;
			defaultConfigurationName = Release;
		};
/* End XCConfigurationList section */
	};
	rootObject = E9DCC03425B6B00D005FF57E /* Project object */;
}
